
Microsoft Visual Studio Solution File, Format Version 12.00
# Visual Studio Version 17
VisualStudioVersion = 17.0.32112.339
MinimumVisualStudioVersion = 10.0.40219.1
Project("{FAE04EC0-301F-11D3-BF4B-00C04F79EFBC}") = "DZ 16 shast 1", "DZ 16 shast 1\DZ 16 shast 1.csproj", "{8FBEF3DE-311C-437B-90F4-7DEB6584F233}"
EndProject
Project("{FAE04EC0-301F-11D3-BF4B-00C04F79EFBC}") = "DZ 16 shast 2", "DZ 16 shast2\DZ 16 shast 2.csproj", "{11327420-27A1-42B1-9F72-95E84C229EF7}"
EndProject
Project("{FAE04EC0-301F-11D3-BF4B-00C04F79EFBC}") = "DZ 16 shast 3", "DZ 16 shast 3\DZ 16 shast 3.csproj", "{41BE866B-E20B-43C3-8752-B31709B8C4A1}"
EndProject
Project("{FAE04EC0-301F-11D3-BF4B-00C04F79EFBC}") = "ZD 16 shast 4", "ZD 16 shast 4\ZD 16 shast 4.csproj", "{76217551-0BF3-4BE5-A553-A09AAAE11BF2}"
EndProject
Project("{FAE04EC0-301F-11D3-BF4B-00C04F79EFBC}") = "ZD 16 shast 5", "ZD 16 shast 5\ZD 16 shast 5.csproj", "{0A135A36-CEC1-436B-B076-01998F4F6FD3}"
EndProject
Project("{FAE04EC0-301F-11D3-BF4B-00C04F79EFBC}") = "ZD 16 shast 6", "ZD 16 shast 6\ZD 16 shast 6.csproj", "{668AECAE-C878-4182-9D85-79144383F613}"
EndProject
Global
	GlobalSection(SolutionConfigurationPlatforms) = preSolution
		Debug|Any CPU = Debug|Any CPU
		Release|Any CPU = Release|Any CPU
	EndGlobalSection
	GlobalSection(ProjectConfigurationPlatforms) = postSolution
		{8FBEF3DE-311C-437B-90F4-7DEB6584F233}.Debug|Any CPU.ActiveCfg = Debug|Any CPU
		{8FBEF3DE-311C-437B-90F4-7DEB6584F233}.Debug|Any CPU.Build.0 = Debug|Any CPU
		{8FBEF3DE-311C-437B-90F4-7DEB6584F233}.Release|Any CPU.ActiveCfg = Release|Any CPU
		{8FBEF3DE-311C-437B-90F4-7DEB6584F233}.Release|Any CPU.Build.0 = Release|Any CPU
		{11327420-27A1-42B1-9F72-95E84C229EF7}.Debug|Any CPU.ActiveCfg = Debug|Any CPU
		{11327420-27A1-42B1-9F72-95E84C229EF7}.Debug|Any CPU.Build.0 = Debug|Any CPU
		{11327420-27A1-42B1-9F72-95E84C229EF7}.Release|Any CPU.ActiveCfg = Release|Any CPU
		{11327420-27A1-42B1-9F72-95E84C229EF7}.Release|Any CPU.Build.0 = Release|Any CPU
		{41BE866B-E20B-43C3-8752-B31709B8C4A1}.Debug|Any CPU.ActiveCfg = Debug|Any CPU
		{41BE866B-E20B-43C3-8752-B31709B8C4A1}.Debug|Any CPU.Build.0 = Debug|Any CPU
		{41BE866B-E20B-43C3-8752-B31709B8C4A1}.Release|Any CPU.ActiveCfg = Release|Any CPU
		{41BE866B-E20B-43C3-8752-B31709B8C4A1}.Release|Any CPU.Build.0 = Release|Any CPU
		{76217551-0BF3-4BE5-A553-A09AAAE11BF2}.Debug|Any CPU.ActiveCfg = Debug|Any CPU
		{76217551-0BF3-4BE5-A553-A09AAAE11BF2}.Debug|Any CPU.Build.0 = Debug|Any CPU
		{76217551-0BF3-4BE5-A553-A09AAAE11BF2}.Release|Any CPU.ActiveCfg = Release|Any CPU
		{76217551-0BF3-4BE5-A553-A09AAAE11BF2}.Release|Any CPU.Build.0 = Release|Any CPU
		{0A135A36-CEC1-436B-B076-01998F4F6FD3}.Debug|Any CPU.ActiveCfg = Debug|Any CPU
		{0A135A36-CEC1-436B-B076-01998F4F6FD3}.Debug|Any CPU.Build.0 = Debug|Any CPU
		{0A135A36-CEC1-436B-B076-01998F4F6FD3}.Release|Any CPU.ActiveCfg = Release|Any CPU
		{0A135A36-CEC1-436B-B076-01998F4F6FD3}.Release|Any CPU.Build.0 = Release|Any CPU
		{668AECAE-C878-4182-9D85-79144383F613}.Debug|Any CPU.ActiveCfg = Debug|Any CPU
		{668AECAE-C878-4182-9D85-79144383F613}.Debug|Any CPU.Build.0 = Debug|Any CPU
		{668AECAE-C878-4182-9D85-79144383F613}.Release|Any CPU.ActiveCfg = Release|Any CPU
		{668AECAE-C878-4182-9D85-79144383F613}.Release|Any CPU.Build.0 = Release|Any CPU
	EndGlobalSection
	GlobalSection(SolutionProperties) = preSolution
		HideSolutionNode = FALSE
	EndGlobalSection
	GlobalSection(ExtensibilityGlobals) = postSolution
		SolutionGuid = {2D285FD4-0498-4B81-AAC6-72B1F1DA0566}
	EndGlobalSection
EndGlobal
