
Microsoft Visual Studio Solution File, Format Version 12.00
# Blend for Visual Studio Version 16
VisualStudioVersion = 16.0.32106.194
MinimumVisualStudioVersion = 10.0.40219.1
Project("{FAE04EC0-301F-11D3-BF4B-00C04F79EFBC}") = "ZD 16 shast 5", "ZD 16 shast 5.csproj", "{0A135A36-CEC1-436B-B076-01998F4F6FD3}"
EndProject
Global
	GlobalSection(SolutionConfigurationPlatforms) = preSolution
		Debug|Any CPU = Debug|Any CPU
		Release|Any CPU = Release|Any CPU
	EndGlobalSection
	GlobalSection(ProjectConfigurationPlatforms) = postSolution
		{0A135A36-CEC1-436B-B076-01998F4F6FD3}.Debug|Any CPU.ActiveCfg = Debug|Any CPU
		{0A135A36-CEC1-436B-B076-01998F4F6FD3}.Debug|Any CPU.Build.0 = Debug|Any CPU
		{0A135A36-CEC1-436B-B076-01998F4F6FD3}.Release|Any CPU.ActiveCfg = Release|Any CPU
		{0A135A36-CEC1-436B-B076-01998F4F6FD3}.Release|Any CPU.Build.0 = Release|Any CPU
	EndGlobalSection
	GlobalSection(SolutionProperties) = preSolution
		HideSolutionNode = FALSE
	EndGlobalSection
	GlobalSection(ExtensibilityGlobals) = postSolution
		SolutionGuid = {CEBE67EC-86C8-40BB-BE87-8A5C8B4B5B66}
	EndGlobalSection
EndGlobal
